
Microsoft Visual Studio Solution File, Format Version 12.00
# Visual Studio 2017
Project("{FAE04EC0-301F-11D3-BF4B-00C04F79EFBC}") = "hw3.Plugins", "hw3.Plugins.csproj", "{DCB8B719-5A87-73AC-FF25-00488ADEC47C}"
EndProject
Project("{FAE04EC0-301F-11D3-BF4B-00C04F79EFBC}") = "hw3", "hw3.csproj", "{8C20E9B3-CEBD-699C-90C6-C43B242E382A}"
EndProject
Project("{FAE04EC0-301F-11D3-BF4B-00C04F79EFBC}") = "hw3.Editor.Plugins", "hw3.Editor.Plugins.csproj", "{13CBB175-AB46-A0EE-EE79-AB65293273F0}"
EndProject
Project("{FAE04EC0-301F-11D3-BF4B-00C04F79EFBC}") = "hw3.Editor", "hw3.Editor.csproj", "{6135C98B-1FBB-883C-32A3-04A19DE1E827}"
EndProject
Project("{FAE04EC0-301F-11D3-BF4B-00C04F79EFBC}") = "hw3.Editor", "hw3.Editor.csproj", "{6135C98B-1FBB-883C-32A3-04A19DE1E827}"
EndProject
Global
	GlobalSection(SolutionConfigurationPlatforms) = preSolution
		Debug|Any CPU = Debug|Any CPU
		Release|Any CPU = Release|Any CPU
	EndGlobalSection
	GlobalSection(ProjectConfigurationPlatforms) = postSolution
		{DCB8B719-5A87-73AC-FF25-00488ADEC47C}.Debug|Any CPU.ActiveCfg = Debug|Any CPU
		{DCB8B719-5A87-73AC-FF25-00488ADEC47C}.Debug|Any CPU.Build.0 = Debug|Any CPU
		{DCB8B719-5A87-73AC-FF25-00488ADEC47C}.Release|Any CPU.ActiveCfg = Release|Any CPU
		{DCB8B719-5A87-73AC-FF25-00488ADEC47C}.Release|Any CPU.Build.0 = Release|Any CPU
		{8C20E9B3-CEBD-699C-90C6-C43B242E382A}.Debug|Any CPU.ActiveCfg = Debug|Any CPU
		{8C20E9B3-CEBD-699C-90C6-C43B242E382A}.Debug|Any CPU.Build.0 = Debug|Any CPU
		{8C20E9B3-CEBD-699C-90C6-C43B242E382A}.Release|Any CPU.ActiveCfg = Release|Any CPU
		{8C20E9B3-CEBD-699C-90C6-C43B242E382A}.Release|Any CPU.Build.0 = Release|Any CPU
		{13CBB175-AB46-A0EE-EE79-AB65293273F0}.Debug|Any CPU.ActiveCfg = Debug|Any CPU
		{13CBB175-AB46-A0EE-EE79-AB65293273F0}.Debug|Any CPU.Build.0 = Debug|Any CPU
		{13CBB175-AB46-A0EE-EE79-AB65293273F0}.Release|Any CPU.ActiveCfg = Release|Any CPU
		{13CBB175-AB46-A0EE-EE79-AB65293273F0}.Release|Any CPU.Build.0 = Release|Any CPU
		{6135C98B-1FBB-883C-32A3-04A19DE1E827}.Debug|Any CPU.ActiveCfg = Debug|Any CPU
		{6135C98B-1FBB-883C-32A3-04A19DE1E827}.Debug|Any CPU.Build.0 = Debug|Any CPU
		{6135C98B-1FBB-883C-32A3-04A19DE1E827}.Release|Any CPU.ActiveCfg = Release|Any CPU
		{6135C98B-1FBB-883C-32A3-04A19DE1E827}.Release|Any CPU.Build.0 = Release|Any CPU
		{6135C98B-1FBB-883C-32A3-04A19DE1E827}.Debug|Any CPU.ActiveCfg = Debug|Any CPU
		{6135C98B-1FBB-883C-32A3-04A19DE1E827}.Debug|Any CPU.Build.0 = Debug|Any CPU
		{6135C98B-1FBB-883C-32A3-04A19DE1E827}.Release|Any CPU.ActiveCfg = Release|Any CPU
		{6135C98B-1FBB-883C-32A3-04A19DE1E827}.Release|Any CPU.Build.0 = Release|Any CPU
	EndGlobalSection
	GlobalSection(SolutionProperties) = preSolution
		HideSolutionNode = FALSE
	EndGlobalSection
EndGlobal
